{
    "_meta": {
        "hash": {
            "sha256": "5bc61d21a503553e3f6f267a66813f5bbbe58d02bf429eabbf48d0c37d2554f0"
        },
        "pipfile-spec": 6,
        "requires": {
            "python_version": "3.9"
        },
        "sources": [
            {
                "name": "pypi",
                "url": "https://pypi.org/simple",
                "verify_ssl": true
            }
        ]
    },
    "default": {
        "commonmark": {
            "hashes": [
                "sha256:452f9dc859be7f06631ddcb328b6919c67984aca654e5fefb3914d54691aed60",
                "sha256:da2f38c92590f83de410ba1a3cbceafbc74fee9def35f9251ba9a971d6d66fd9"
            ],
            "version": "==0.9.1"
        },
        "json5": {
            "hashes": [
                "sha256:993189671e7412e9cdd8be8dc61cf402e8e579b35f1d1bb20ae6b09baa78bbce",
                "sha256:ad9f048c5b5a4c3802524474ce40a622fae789860a86f10cc4f7e5f9cf9b46ab"
            ],
            "index": "pypi",
            "version": "==0.9.10"
        },
        "pygments": {
            "hashes": [
                "sha256:56a8508ae95f98e2b9bdf93a6be5ae3f7d8af858b43e02c5a2ff083726be40c1",
                "sha256:f643f331ab57ba3c9d89212ee4a2dabc6e94f117cf4eefde99a0574720d14c42"
            ],
            "markers": "python_version >= '3.6'",
            "version": "==2.13.0"
        },
        "rich": {
            "hashes": [
                "sha256:2eb4e6894cde1e017976d2975ac210ef515d7548bc595ba20e195fb9628acdeb",
                "sha256:63a5c5ce3673d3d5fbbf23cd87e11ab84b6b451436f1b7f19ec54b6bc36ed7ca"
            ],
            "index": "pypi",
            "version": "==12.5.1"
        },
        "sshkeyboard": {
            "hashes": [
                "sha256:05ec2cb116bd9c4a7c17d7add4a5af74e12eb2add24c110608cb90f6812692f9",
                "sha256:3273be5b2fde7f8d2ea075d40e1981104ac0928d7b77a848756f08d0e66a3d9f"
            ],
            "index": "pypi",
            "version": "==2.3.1"
        },
        "xmltodict": {
            "hashes": [
                "sha256:341595a488e3e01a85a9d8911d8912fd922ede5fecc4dce437eb4b6c8d037e56",
                "sha256:aa89e8fd76320154a40d19a0df04a4695fb9dc5ba977cbb68ab3e4eb225e7852"
            ],
            "index": "pypi",
            "version": "==0.13.0"
        }
    },
    "develop": {}
}
